
Microsoft Visual Studio Solution File, Format Version 12.00
# Visual Studio Version 16
VisualStudioVersion = 16.0.29911.84
MinimumVisualStudioVersion = 10.0.40219.1
Project("{FAE04EC0-301F-11D3-BF4B-00C04F79EFBC}") = "TheGamerSpot.UWP", "TheGamerSpot\TheGamerSpot.UWP\TheGamerSpot.UWP.csproj", "{C890491D-79BC-4EED-A3D4-F8FB7E5B1562}"
EndProject
Project("{FAE04EC0-301F-11D3-BF4B-00C04F79EFBC}") = "TheGamerSpot.Android", "TheGamerSpot\TheGamerSpot.Android\TheGamerSpot.Android.csproj", "{2131C430-0466-4814-8F1A-162C2B0E4D29}"
EndProject
Project("{FAE04EC0-301F-11D3-BF4B-00C04F79EFBC}") = "TheGamerSpot.iOS", "TheGamerSpot\TheGamerSpot.iOS\TheGamerSpot.iOS.csproj", "{ADABD1DC-A141-45D2-B9F2-1D4DE3B62BDC}"
EndProject
Project("{FAE04EC0-301F-11D3-BF4B-00C04F79EFBC}") = "TheGamerSpot", "TheGamerSpot\TheGamerSpot\TheGamerSpot.csproj", "{41DE8EF8-7130-4557-98F7-BD381AABDDFD}"
EndProject
Global
	GlobalSection(SolutionConfigurationPlatforms) = preSolution
		Debug|Any CPU = Debug|Any CPU
		Debug|ARM = Debug|ARM
		Debug|iPhone = Debug|iPhone
		Debug|iPhoneSimulator = Debug|iPhoneSimulator
		Debug|x64 = Debug|x64
		Debug|x86 = Debug|x86
		Release|Any CPU = Release|Any CPU
		Release|ARM = Release|ARM
		Release|iPhone = Release|iPhone
		Release|iPhoneSimulator = Release|iPhoneSimulator
		Release|x64 = Release|x64
		Release|x86 = Release|x86
	EndGlobalSection
	GlobalSection(ProjectConfigurationPlatforms) = postSolution
		{C890491D-79BC-4EED-A3D4-F8FB7E5B1562}.Debug|Any CPU.ActiveCfg = Debug|x86
		{C890491D-79BC-4EED-A3D4-F8FB7E5B1562}.Debug|Any CPU.Build.0 = Debug|x86
		{C890491D-79BC-4EED-A3D4-F8FB7E5B1562}.Debug|Any CPU.Deploy.0 = Debug|x86
		{C890491D-79BC-4EED-A3D4-F8FB7E5B1562}.Debug|ARM.ActiveCfg = Debug|ARM
		{C890491D-79BC-4EED-A3D4-F8FB7E5B1562}.Debug|ARM.Build.0 = Debug|ARM
		{C890491D-79BC-4EED-A3D4-F8FB7E5B1562}.Debug|ARM.Deploy.0 = Debug|ARM
		{C890491D-79BC-4EED-A3D4-F8FB7E5B1562}.Debug|iPhone.ActiveCfg = Debug|x86
		{C890491D-79BC-4EED-A3D4-F8FB7E5B1562}.Debug|iPhone.Build.0 = Debug|x86
		{C890491D-79BC-4EED-A3D4-F8FB7E5B1562}.Debug|iPhone.Deploy.0 = Debug|x86
		{C890491D-79BC-4EED-A3D4-F8FB7E5B1562}.Debug|iPhoneSimulator.ActiveCfg = Debug|x86
		{C890491D-79BC-4EED-A3D4-F8FB7E5B1562}.Debug|iPhoneSimulator.Build.0 = Debug|x86
		{C890491D-79BC-4EED-A3D4-F8FB7E5B1562}.Debug|iPhoneSimulator.Deploy.0 = Debug|x86
		{C890491D-79BC-4EED-A3D4-F8FB7E5B1562}.Debug|x64.ActiveCfg = Debug|x64
		{C890491D-79BC-4EED-A3D4-F8FB7E5B1562}.Debug|x64.Build.0 = Debug|x64
		{C890491D-79BC-4EED-A3D4-F8FB7E5B1562}.Debug|x64.Deploy.0 = Debug|x64
		{C890491D-79BC-4EED-A3D4-F8FB7E5B1562}.Debug|x86.ActiveCfg = Debug|x86
		{C890491D-79BC-4EED-A3D4-F8FB7E5B1562}.Debug|x86.Build.0 = Debug|x86
		{C890491D-79BC-4EED-A3D4-F8FB7E5B1562}.Debug|x86.Deploy.0 = Debug|x86
		{C890491D-79BC-4EED-A3D4-F8FB7E5B1562}.Release|Any CPU.ActiveCfg = Release|x86
		{C890491D-79BC-4EED-A3D4-F8FB7E5B1562}.Release|Any CPU.Build.0 = Release|x86
		{C890491D-79BC-4EED-A3D4-F8FB7E5B1562}.Release|Any CPU.Deploy.0 = Release|x86
		{C890491D-79BC-4EED-A3D4-F8FB7E5B1562}.Release|ARM.ActiveCfg = Release|ARM
		{C890491D-79BC-4EED-A3D4-F8FB7E5B1562}.Release|ARM.Build.0 = Release|ARM
		{C890491D-79BC-4EED-A3D4-F8FB7E5B1562}.Release|ARM.Deploy.0 = Release|ARM
		{C890491D-79BC-4EED-A3D4-F8FB7E5B1562}.Release|iPhone.ActiveCfg = Release|x86
		{C890491D-79BC-4EED-A3D4-F8FB7E5B1562}.Release|iPhone.Build.0 = Release|x86
		{C890491D-79BC-4EED-A3D4-F8FB7E5B1562}.Release|iPhone.Deploy.0 = Release|x86
		{C890491D-79BC-4EED-A3D4-F8FB7E5B1562}.Release|iPhoneSimulator.ActiveCfg = Release|x86
		{C890491D-79BC-4EED-A3D4-F8FB7E5B1562}.Release|iPhoneSimulator.Build.0 = Release|x86
		{C890491D-79BC-4EED-A3D4-F8FB7E5B1562}.Release|iPhoneSimulator.Deploy.0 = Release|x86
		{C890491D-79BC-4EED-A3D4-F8FB7E5B1562}.Release|x64.ActiveCfg = Release|x64
		{C890491D-79BC-4EED-A3D4-F8FB7E5B1562}.Release|x64.Build.0 = Release|x64
		{C890491D-79BC-4EED-A3D4-F8FB7E5B1562}.Release|x64.Deploy.0 = Release|x64
		{C890491D-79BC-4EED-A3D4-F8FB7E5B1562}.Release|x86.ActiveCfg = Release|x86
		{C890491D-79BC-4EED-A3D4-F8FB7E5B1562}.Release|x86.Build.0 = Release|x86
		{C890491D-79BC-4EED-A3D4-F8FB7E5B1562}.Release|x86.Deploy.0 = Release|x86
		{2131C430-0466-4814-8F1A-162C2B0E4D29}.Debug|Any CPU.ActiveCfg = Debug|Any CPU
		{2131C430-0466-4814-8F1A-162C2B0E4D29}.Debug|Any CPU.Build.0 = Debug|Any CPU
		{2131C430-0466-4814-8F1A-162C2B0E4D29}.Debug|Any CPU.Deploy.0 = Debug|Any CPU
		{2131C430-0466-4814-8F1A-162C2B0E4D29}.Debug|ARM.ActiveCfg = Debug|Any CPU
		{2131C430-0466-4814-8F1A-162C2B0E4D29}.Debug|ARM.Build.0 = Debug|Any CPU
		{2131C430-0466-4814-8F1A-162C2B0E4D29}.Debug|ARM.Deploy.0 = Debug|Any CPU
		{2131C430-0466-4814-8F1A-162C2B0E4D29}.Debug|iPhone.ActiveCfg = Debug|Any CPU
		{2131C430-0466-4814-8F1A-162C2B0E4D29}.Debug|iPhone.Build.0 = Debug|Any CPU
		{2131C430-0466-4814-8F1A-162C2B0E4D29}.Debug|iPhone.Deploy.0 = Debug|Any CPU
		{2131C430-0466-4814-8F1A-162C2B0E4D29}.Debug|iPhoneSimulator.ActiveCfg = Debug|Any CPU
		{2131C430-0466-4814-8F1A-162C2B0E4D29}.Debug|iPhoneSimulator.Build.0 = Debug|Any CPU
		{2131C430-0466-4814-8F1A-162C2B0E4D29}.Debug|iPhoneSimulator.Deploy.0 = Debug|Any CPU
		{2131C430-0466-4814-8F1A-162C2B0E4D29}.Debug|x64.ActiveCfg = Debug|Any CPU
		{2131C430-0466-4814-8F1A-162C2B0E4D29}.Debug|x64.Build.0 = Debug|Any CPU
		{2131C430-0466-4814-8F1A-162C2B0E4D29}.Debug|x64.Deploy.0 = Debug|Any CPU
		{2131C430-0466-4814-8F1A-162C2B0E4D29}.Debug|x86.ActiveCfg = Debug|Any CPU
		{2131C430-0466-4814-8F1A-162C2B0E4D29}.Debug|x86.Build.0 = Debug|Any CPU
		{2131C430-0466-4814-8F1A-162C2B0E4D29}.Debug|x86.Deploy.0 = Debug|Any CPU
		{2131C430-0466-4814-8F1A-162C2B0E4D29}.Release|Any CPU.ActiveCfg = Release|Any CPU
		{2131C430-0466-4814-8F1A-162C2B0E4D29}.Release|Any CPU.Build.0 = Release|Any CPU
		{2131C430-0466-4814-8F1A-162C2B0E4D29}.Release|Any CPU.Deploy.0 = Release|Any CPU
		{2131C430-0466-4814-8F1A-162C2B0E4D29}.Release|ARM.ActiveCfg = Release|Any CPU
		{2131C430-0466-4814-8F1A-162C2B0E4D29}.Release|ARM.Build.0 = Release|Any CPU
		{2131C430-0466-4814-8F1A-162C2B0E4D29}.Release|ARM.Deploy.0 = Release|Any CPU
		{2131C430-0466-4814-8F1A-162C2B0E4D29}.Release|iPhone.ActiveCfg = Release|Any CPU
		{2131C430-0466-4814-8F1A-162C2B0E4D29}.Release|iPhone.Build.0 = Release|Any CPU
		{2131C430-0466-4814-8F1A-162C2B0E4D29}.Release|iPhone.Deploy.0 = Release|Any CPU
		{2131C430-0466-4814-8F1A-162C2B0E4D29}.Release|iPhoneSimulator.ActiveCfg = Release|Any CPU
		{2131C430-0466-4814-8F1A-162C2B0E4D29}.Release|iPhoneSimulator.Build.0 = Release|Any CPU
		{2131C430-0466-4814-8F1A-162C2B0E4D29}.Release|iPhoneSimulator.Deploy.0 = Release|Any CPU
		{2131C430-0466-4814-8F1A-162C2B0E4D29}.Release|x64.ActiveCfg = Release|Any CPU
		{2131C430-0466-4814-8F1A-162C2B0E4D29}.Release|x64.Build.0 = Release|Any CPU
		{2131C430-0466-4814-8F1A-162C2B0E4D29}.Release|x64.Deploy.0 = Release|Any CPU
		{2131C430-0466-4814-8F1A-162C2B0E4D29}.Release|x86.ActiveCfg = Release|Any CPU
		{2131C430-0466-4814-8F1A-162C2B0E4D29}.Release|x86.Build.0 = Release|Any CPU
		{2131C430-0466-4814-8F1A-162C2B0E4D29}.Release|x86.Deploy.0 = Release|Any CPU
		{ADABD1DC-A141-45D2-B9F2-1D4DE3B62BDC}.Debug|Any CPU.ActiveCfg = Debug|iPhone
		{ADABD1DC-A141-45D2-B9F2-1D4DE3B62BDC}.Debug|Any CPU.Build.0 = Debug|iPhone
		{ADABD1DC-A141-45D2-B9F2-1D4DE3B62BDC}.Debug|Any CPU.Deploy.0 = Debug|iPhone
		{ADABD1DC-A141-45D2-B9F2-1D4DE3B62BDC}.Debug|ARM.ActiveCfg = Debug|iPhone
		{ADABD1DC-A141-45D2-B9F2-1D4DE3B62BDC}.Debug|ARM.Build.0 = Debug|iPhone
		{ADABD1DC-A141-45D2-B9F2-1D4DE3B62BDC}.Debug|ARM.Deploy.0 = Debug|iPhone
		{ADABD1DC-A141-45D2-B9F2-1D4DE3B62BDC}.Debug|iPhone.ActiveCfg = Debug|iPhone
		{ADABD1DC-A141-45D2-B9F2-1D4DE3B62BDC}.Debug|iPhone.Build.0 = Debug|iPhone
		{ADABD1DC-A141-45D2-B9F2-1D4DE3B62BDC}.Debug|iPhone.Deploy.0 = Debug|iPhone
		{ADABD1DC-A141-45D2-B9F2-1D4DE3B62BDC}.Debug|iPhoneSimulator.ActiveCfg = Debug|iPhoneSimulator
		{ADABD1DC-A141-45D2-B9F2-1D4DE3B62BDC}.Debug|iPhoneSimulator.Build.0 = Debug|iPhoneSimulator
		{ADABD1DC-A141-45D2-B9F2-1D4DE3B62BDC}.Debug|iPhoneSimulator.Deploy.0 = Debug|iPhoneSimulator
		{ADABD1DC-A141-45D2-B9F2-1D4DE3B62BDC}.Debug|x64.ActiveCfg = Debug|iPhone
		{ADABD1DC-A141-45D2-B9F2-1D4DE3B62BDC}.Debug|x64.Build.0 = Debug|iPhone
		{ADABD1DC-A141-45D2-B9F2-1D4DE3B62BDC}.Debug|x64.Deploy.0 = Debug|iPhone
		{ADABD1DC-A141-45D2-B9F2-1D4DE3B62BDC}.Debug|x86.ActiveCfg = Debug|iPhone
		{ADABD1DC-A141-45D2-B9F2-1D4DE3B62BDC}.Debug|x86.Build.0 = Debug|iPhone
		{ADABD1DC-A141-45D2-B9F2-1D4DE3B62BDC}.Debug|x86.Deploy.0 = Debug|iPhone
		{ADABD1DC-A141-45D2-B9F2-1D4DE3B62BDC}.Release|Any CPU.ActiveCfg = Release|iPhone
		{ADABD1DC-A141-45D2-B9F2-1D4DE3B62BDC}.Release|Any CPU.Build.0 = Release|iPhone
		{ADABD1DC-A141-45D2-B9F2-1D4DE3B62BDC}.Release|Any CPU.Deploy.0 = Release|iPhone
		{ADABD1DC-A141-45D2-B9F2-1D4DE3B62BDC}.Release|ARM.ActiveCfg = Release|iPhone
		{ADABD1DC-A141-45D2-B9F2-1D4DE3B62BDC}.Release|ARM.Build.0 = Release|iPhone
		{ADABD1DC-A141-45D2-B9F2-1D4DE3B62BDC}.Release|ARM.Deploy.0 = Release|iPhone
		{ADABD1DC-A141-45D2-B9F2-1D4DE3B62BDC}.Release|iPhone.ActiveCfg = Release|iPhone
		{ADABD1DC-A141-45D2-B9F2-1D4DE3B62BDC}.Release|iPhone.Build.0 = Release|iPhone
		{ADABD1DC-A141-45D2-B9F2-1D4DE3B62BDC}.Release|iPhone.Deploy.0 = Release|iPhone
		{ADABD1DC-A141-45D2-B9F2-1D4DE3B62BDC}.Release|iPhoneSimulator.ActiveCfg = Release|iPhoneSimulator
		{ADABD1DC-A141-45D2-B9F2-1D4DE3B62BDC}.Release|iPhoneSimulator.Build.0 = Release|iPhoneSimulator
		{ADABD1DC-A141-45D2-B9F2-1D4DE3B62BDC}.Release|iPhoneSimulator.Deploy.0 = Release|iPhoneSimulator
		{ADABD1DC-A141-45D2-B9F2-1D4DE3B62BDC}.Release|x64.ActiveCfg = Release|iPhone
		{ADABD1DC-A141-45D2-B9F2-1D4DE3B62BDC}.Release|x64.Build.0 = Release|iPhone
		{ADABD1DC-A141-45D2-B9F2-1D4DE3B62BDC}.Release|x64.Deploy.0 = Release|iPhone
		{ADABD1DC-A141-45D2-B9F2-1D4DE3B62BDC}.Release|x86.ActiveCfg = Release|iPhone
		{ADABD1DC-A141-45D2-B9F2-1D4DE3B62BDC}.Release|x86.Build.0 = Release|iPhone
		{ADABD1DC-A141-45D2-B9F2-1D4DE3B62BDC}.Release|x86.Deploy.0 = Release|iPhone
		{41DE8EF8-7130-4557-98F7-BD381AABDDFD}.Debug|Any CPU.ActiveCfg = Debug|Any CPU
		{41DE8EF8-7130-4557-98F7-BD381AABDDFD}.Debug|Any CPU.Build.0 = Debug|Any CPU
		{41DE8EF8-7130-4557-98F7-BD381AABDDFD}.Debug|Any CPU.Deploy.0 = Debug|Any CPU
		{41DE8EF8-7130-4557-98F7-BD381AABDDFD}.Debug|ARM.ActiveCfg = Debug|Any CPU
		{41DE8EF8-7130-4557-98F7-BD381AABDDFD}.Debug|ARM.Build.0 = Debug|Any CPU
		{41DE8EF8-7130-4557-98F7-BD381AABDDFD}.Debug|ARM.Deploy.0 = Debug|Any CPU
		{41DE8EF8-7130-4557-98F7-BD381AABDDFD}.Debug|iPhone.ActiveCfg = Debug|Any CPU
		{41DE8EF8-7130-4557-98F7-BD381AABDDFD}.Debug|iPhone.Build.0 = Debug|Any CPU
		{41DE8EF8-7130-4557-98F7-BD381AABDDFD}.Debug|iPhone.Deploy.0 = Debug|Any CPU
		{41DE8EF8-7130-4557-98F7-BD381AABDDFD}.Debug|iPhoneSimulator.ActiveCfg = Debug|Any CPU
		{41DE8EF8-7130-4557-98F7-BD381AABDDFD}.Debug|iPhoneSimulator.Build.0 = Debug|Any CPU
		{41DE8EF8-7130-4557-98F7-BD381AABDDFD}.Debug|iPhoneSimulator.Deploy.0 = Debug|Any CPU
		{41DE8EF8-7130-4557-98F7-BD381AABDDFD}.Debug|x64.ActiveCfg = Debug|Any CPU
		{41DE8EF8-7130-4557-98F7-BD381AABDDFD}.Debug|x64.Build.0 = Debug|Any CPU
		{41DE8EF8-7130-4557-98F7-BD381AABDDFD}.Debug|x64.Deploy.0 = Debug|Any CPU
		{41DE8EF8-7130-4557-98F7-BD381AABDDFD}.Debug|x86.ActiveCfg = Debug|Any CPU
		{41DE8EF8-7130-4557-98F7-BD381AABDDFD}.Debug|x86.Build.0 = Debug|Any CPU
		{41DE8EF8-7130-4557-98F7-BD381AABDDFD}.Debug|x86.Deploy.0 = Debug|Any CPU
		{41DE8EF8-7130-4557-98F7-BD381AABDDFD}.Release|Any CPU.ActiveCfg = Release|Any CPU
		{41DE8EF8-7130-4557-98F7-BD381AABDDFD}.Release|Any CPU.Build.0 = Release|Any CPU
		{41DE8EF8-7130-4557-98F7-BD381AABDDFD}.Release|Any CPU.Deploy.0 = Release|Any CPU
		{41DE8EF8-7130-4557-98F7-BD381AABDDFD}.Release|ARM.ActiveCfg = Release|Any CPU
		{41DE8EF8-7130-4557-98F7-BD381AABDDFD}.Release|ARM.Build.0 = Release|Any CPU
		{41DE8EF8-7130-4557-98F7-BD381AABDDFD}.Release|ARM.Deploy.0 = Release|Any CPU
		{41DE8EF8-7130-4557-98F7-BD381AABDDFD}.Release|iPhone.ActiveCfg = Release|Any CPU
		{41DE8EF8-7130-4557-98F7-BD381AABDDFD}.Release|iPhone.Build.0 = Release|Any CPU
		{41DE8EF8-7130-4557-98F7-BD381AABDDFD}.Release|iPhone.Deploy.0 = Release|Any CPU
		{41DE8EF8-7130-4557-98F7-BD381AABDDFD}.Release|iPhoneSimulator.ActiveCfg = Release|Any CPU
		{41DE8EF8-7130-4557-98F7-BD381AABDDFD}.Release|iPhoneSimulator.Build.0 = Release|Any CPU
		{41DE8EF8-7130-4557-98F7-BD381AABDDFD}.Release|iPhoneSimulator.Deploy.0 = Release|Any CPU
		{41DE8EF8-7130-4557-98F7-BD381AABDDFD}.Release|x64.ActiveCfg = Release|Any CPU
		{41DE8EF8-7130-4557-98F7-BD381AABDDFD}.Release|x64.Build.0 = Release|Any CPU
		{41DE8EF8-7130-4557-98F7-BD381AABDDFD}.Release|x64.Deploy.0 = Release|Any CPU
		{41DE8EF8-7130-4557-98F7-BD381AABDDFD}.Release|x86.ActiveCfg = Release|Any CPU
		{41DE8EF8-7130-4557-98F7-BD381AABDDFD}.Release|x86.Build.0 = Release|Any CPU
		{41DE8EF8-7130-4557-98F7-BD381AABDDFD}.Release|x86.Deploy.0 = Release|Any CPU
	EndGlobalSection
	GlobalSection(SolutionProperties) = preSolution
		HideSolutionNode = FALSE
	EndGlobalSection
	GlobalSection(ExtensibilityGlobals) = postSolution
		SolutionGuid = {50C738E0-1841-4C66-9DE0-0A5A7D56BF27}
	EndGlobalSection
EndGlobal
